
Microsoft Visual Studio Solution File, Format Version 12.00
# Visual Studio Version 16
VisualStudioVersion = 16.0.29613.14
MinimumVisualStudioVersion = 10.0.40219.1
Project("{FAE04EC0-301F-11D3-BF4B-00C04F79EFBC}") = "ONE Service", "ONE Service.csproj", "{C310C4F2-3A8F-4D19-9992-162270A5C36D}"
EndProject
Global
	GlobalSection(SolutionConfigurationPlatforms) = preSolution
		Debug|Any CPU = Debug|Any CPU
		Release|Any CPU = Release|Any CPU
	EndGlobalSection
	GlobalSection(ProjectConfigurationPlatforms) = postSolution
		{C310C4F2-3A8F-4D19-9992-162270A5C36D}.Debug|Any CPU.ActiveCfg = Debug|Any CPU
		{C310C4F2-3A8F-4D19-9992-162270A5C36D}.Debug|Any CPU.Build.0 = Debug|Any CPU
		{C310C4F2-3A8F-4D19-9992-162270A5C36D}.Release|Any CPU.ActiveCfg = Release|Any CPU
		{C310C4F2-3A8F-4D19-9992-162270A5C36D}.Release|Any CPU.Build.0 = Release|Any CPU
	EndGlobalSection
	GlobalSection(SolutionProperties) = preSolution
		HideSolutionNode = FALSE
	EndGlobalSection
	GlobalSection(ExtensibilityGlobals) = postSolution
		SolutionGuid = {946CB611-9F15-4291-8744-563EA2EA0539}
	EndGlobalSection
EndGlobal
